
Microsoft Visual Studio Solution File, Format Version 12.00
# Visual Studio Version 17
VisualStudioVersion = 17.1.32319.34
MinimumVisualStudioVersion = 10.0.40219.1
Project("{9A19103F-16F7-4668-BE54-9A1E7A4F7556}") = "KalkulatorKredytuHipotecznego", "KalkulatorKredytuHipotecznego.csproj", "{71F596D0-0E41-4B0F-A387-60A12D72FC37}"
EndProject
Project("{9A19103F-16F7-4668-BE54-9A1E7A4F7556}") = "SourceGenerator", "..\SourceGenerator\SourceGenerator.csproj", "{E6F1DEF8-68D4-4D35-BBA3-C0DECD8CE525}"
EndProject
Project("{9A19103F-16F7-4668-BE54-9A1E7A4F7556}") = "SourceGenerator.Debugger", "..\SourceGenerator.Debugger\SourceGenerator.Debugger.csproj", "{83CA2286-BF0F-4B94-82B1-78A2CA177748}"
EndProject
Project("{9A19103F-16F7-4668-BE54-9A1E7A4F7556}") = "Wibor.Scrapper", "..\WiborDataScrapper\Wibor.Scrapper.csproj", "{6B64EA8A-5DE2-4588-B110-268B6743603E}"
EndProject
Project("{2150E333-8FDC-42A3-9474-1A3956D46DE8}") = "Wibor", "Wibor", "{CE171CEF-4D35-4E1A-9D11-69104B4FB80D}"
EndProject
Project("{9A19103F-16F7-4668-BE54-9A1E7A4F7556}") = "Wibor.Data.Scrapper.Tests", "..\Wibor.Data.Scrapper.Tests\Wibor.Data.Scrapper.Tests.csproj", "{6D52B554-DDE7-4C40-B8D8-C4A12B59DB4C}"
EndProject
Project("{9A19103F-16F7-4668-BE54-9A1E7A4F7556}") = "Wibor.Scrapper.Runner", "..\Wibor.Scrapper.Runner\Wibor.Scrapper.Runner.csproj", "{ED751859-FD55-4F82-AE3A-77998B12DC59}"
EndProject
Project("{FAE04EC0-301F-11D3-BF4B-00C04F79EFBC}") = "Providers.Wibor", "..\Providers.Wibor\Providers.Wibor.csproj", "{6971EF3D-02E4-4965-94F1-D227C9AA56D5}"
EndProject
Global
	GlobalSection(SolutionConfigurationPlatforms) = preSolution
		Debug|Any CPU = Debug|Any CPU
		Release|Any CPU = Release|Any CPU
	EndGlobalSection
	GlobalSection(ProjectConfigurationPlatforms) = postSolution
		{71F596D0-0E41-4B0F-A387-60A12D72FC37}.Debug|Any CPU.ActiveCfg = Debug|Any CPU
		{71F596D0-0E41-4B0F-A387-60A12D72FC37}.Debug|Any CPU.Build.0 = Debug|Any CPU
		{71F596D0-0E41-4B0F-A387-60A12D72FC37}.Release|Any CPU.ActiveCfg = Release|Any CPU
		{71F596D0-0E41-4B0F-A387-60A12D72FC37}.Release|Any CPU.Build.0 = Release|Any CPU
		{E6F1DEF8-68D4-4D35-BBA3-C0DECD8CE525}.Debug|Any CPU.ActiveCfg = Debug|Any CPU
		{E6F1DEF8-68D4-4D35-BBA3-C0DECD8CE525}.Debug|Any CPU.Build.0 = Debug|Any CPU
		{E6F1DEF8-68D4-4D35-BBA3-C0DECD8CE525}.Release|Any CPU.ActiveCfg = Release|Any CPU
		{E6F1DEF8-68D4-4D35-BBA3-C0DECD8CE525}.Release|Any CPU.Build.0 = Release|Any CPU
		{83CA2286-BF0F-4B94-82B1-78A2CA177748}.Debug|Any CPU.ActiveCfg = Debug|Any CPU
		{83CA2286-BF0F-4B94-82B1-78A2CA177748}.Debug|Any CPU.Build.0 = Debug|Any CPU
		{83CA2286-BF0F-4B94-82B1-78A2CA177748}.Release|Any CPU.ActiveCfg = Release|Any CPU
		{83CA2286-BF0F-4B94-82B1-78A2CA177748}.Release|Any CPU.Build.0 = Release|Any CPU
		{6B64EA8A-5DE2-4588-B110-268B6743603E}.Debug|Any CPU.ActiveCfg = Debug|Any CPU
		{6B64EA8A-5DE2-4588-B110-268B6743603E}.Debug|Any CPU.Build.0 = Debug|Any CPU
		{6B64EA8A-5DE2-4588-B110-268B6743603E}.Release|Any CPU.ActiveCfg = Release|Any CPU
		{6B64EA8A-5DE2-4588-B110-268B6743603E}.Release|Any CPU.Build.0 = Release|Any CPU
		{6D52B554-DDE7-4C40-B8D8-C4A12B59DB4C}.Debug|Any CPU.ActiveCfg = Debug|Any CPU
		{6D52B554-DDE7-4C40-B8D8-C4A12B59DB4C}.Debug|Any CPU.Build.0 = Debug|Any CPU
		{6D52B554-DDE7-4C40-B8D8-C4A12B59DB4C}.Release|Any CPU.ActiveCfg = Release|Any CPU
		{6D52B554-DDE7-4C40-B8D8-C4A12B59DB4C}.Release|Any CPU.Build.0 = Release|Any CPU
		{ED751859-FD55-4F82-AE3A-77998B12DC59}.Debug|Any CPU.ActiveCfg = Debug|Any CPU
		{ED751859-FD55-4F82-AE3A-77998B12DC59}.Debug|Any CPU.Build.0 = Debug|Any CPU
		{ED751859-FD55-4F82-AE3A-77998B12DC59}.Release|Any CPU.ActiveCfg = Release|Any CPU
		{ED751859-FD55-4F82-AE3A-77998B12DC59}.Release|Any CPU.Build.0 = Release|Any CPU
		{6971EF3D-02E4-4965-94F1-D227C9AA56D5}.Debug|Any CPU.ActiveCfg = Debug|Any CPU
		{6971EF3D-02E4-4965-94F1-D227C9AA56D5}.Debug|Any CPU.Build.0 = Debug|Any CPU
		{6971EF3D-02E4-4965-94F1-D227C9AA56D5}.Release|Any CPU.ActiveCfg = Release|Any CPU
		{6971EF3D-02E4-4965-94F1-D227C9AA56D5}.Release|Any CPU.Build.0 = Release|Any CPU
	EndGlobalSection
	GlobalSection(SolutionProperties) = preSolution
		HideSolutionNode = FALSE
	EndGlobalSection
	GlobalSection(NestedProjects) = preSolution
		{6B64EA8A-5DE2-4588-B110-268B6743603E} = {CE171CEF-4D35-4E1A-9D11-69104B4FB80D}
		{6D52B554-DDE7-4C40-B8D8-C4A12B59DB4C} = {CE171CEF-4D35-4E1A-9D11-69104B4FB80D}
		{ED751859-FD55-4F82-AE3A-77998B12DC59} = {CE171CEF-4D35-4E1A-9D11-69104B4FB80D}
		{6971EF3D-02E4-4965-94F1-D227C9AA56D5} = {CE171CEF-4D35-4E1A-9D11-69104B4FB80D}
	EndGlobalSection
	GlobalSection(ExtensibilityGlobals) = postSolution
		SolutionGuid = {2C3D233C-EEC2-41FD-8B61-7B101224194F}
	EndGlobalSection
EndGlobal
