
Microsoft Visual Studio Solution File, Format Version 12.00
# Visual Studio Version 17
VisualStudioVersion = 17.1.32319.34
MinimumVisualStudioVersion = 10.0.40219.1
Project("{2150E333-8FDC-42A3-9474-1A3956D46DE8}") = "Providers", "Providers", "{FB8652C0-8CD8-46AB-A6FF-CDF35D8EFD0F}"
EndProject
Project("{2150E333-8FDC-42A3-9474-1A3956D46DE8}") = "DataSources", "DataSources", "{09304F35-7EC3-4058-8FE9-507CD1E66BB1}"
EndProject
Project("{2150E333-8FDC-42A3-9474-1A3956D46DE8}") = "Automations", "Automations", "{0A24E8B6-226A-478B-9998-478B10EDE6FA}"
EndProject
Project("{2150E333-8FDC-42A3-9474-1A3956D46DE8}") = "SourceGenerators", "SourceGenerators", "{F421B073-88EC-4815-ADD5-A738BDDE5BBF}"
EndProject
Project("{9A19103F-16F7-4668-BE54-9A1E7A4F7556}") = "SourceGenerator", "SourceGenerator\SourceGenerator.csproj", "{D17CE63A-E7A4-430F-B91E-87747FFB7DFF}"
EndProject
Project("{9A19103F-16F7-4668-BE54-9A1E7A4F7556}") = "SourceGenerator.Debugger", "SourceGenerator.Debugger\SourceGenerator.Debugger.csproj", "{82C5CF1D-27B0-4A91-866A-E44E0CB39985}"
EndProject
Project("{9A19103F-16F7-4668-BE54-9A1E7A4F7556}") = "KalkulatorKredytuHipotecznego", "KalkulatorKredytuHipotecznego\KalkulatorKredytuHipotecznego.csproj", "{FD08E425-01FC-4CC4-8BEE-F75A23E5DBFF}"
EndProject
Project("{9A19103F-16F7-4668-BE54-9A1E7A4F7556}") = "Provider.Holidays", "Provider.Holidays\Provider.Holidays.csproj", "{EEF2E189-5D58-4F6C-B29A-AFB8824A6099}"
EndProject
Project("{9A19103F-16F7-4668-BE54-9A1E7A4F7556}") = "Provider.Indexes", "Provider.Indexes\Provider.Indexes.csproj", "{74482165-D7B9-48E0-BCA8-43FAE736B7BA}"
EndProject
Project("{9A19103F-16F7-4668-BE54-9A1E7A4F7556}") = "Wibor.Scrapper.Runner", "Wibor.Scrapper.Runner\Wibor.Scrapper.Runner.csproj", "{662F0515-91AD-485A-854D-EC4994C2C6CD}"
EndProject
Project("{9A19103F-16F7-4668-BE54-9A1E7A4F7556}") = "DataSource.Indexes", "DataSource.Indexes\DataSource.Indexes.csproj", "{C8B759AB-99FD-4CA2-889C-15113B88E02E}"
EndProject
Project("{2150E333-8FDC-42A3-9474-1A3956D46DE8}") = "Calculators", "Calculators", "{F84670AA-D4E8-424B-B399-E8A89EF62576}"
EndProject
Project("{9A19103F-16F7-4668-BE54-9A1E7A4F7556}") = "Calculator.Schedule", "Calculator.Schedule\Calculator.Schedule.csproj", "{CBCAF986-A006-43E7-85A9-21A2E4C265BD}"
EndProject
Project("{9A19103F-16F7-4668-BE54-9A1E7A4F7556}") = "Domain", "Domain\Domain.csproj", "{703AF8A0-2054-4F4D-B6BE-60F77486E807}"
EndProject
Project("{9A19103F-16F7-4668-BE54-9A1E7A4F7556}") = "Core", "Core\Core.csproj", "{13E181DF-1ED9-4CC4-B186-2366A8F8C01A}"
EndProject
Global
	GlobalSection(SolutionConfigurationPlatforms) = preSolution
		Debug|Any CPU = Debug|Any CPU
		Release|Any CPU = Release|Any CPU
	EndGlobalSection
	GlobalSection(ProjectConfigurationPlatforms) = postSolution
		{D17CE63A-E7A4-430F-B91E-87747FFB7DFF}.Debug|Any CPU.ActiveCfg = Debug|Any CPU
		{D17CE63A-E7A4-430F-B91E-87747FFB7DFF}.Debug|Any CPU.Build.0 = Debug|Any CPU
		{D17CE63A-E7A4-430F-B91E-87747FFB7DFF}.Release|Any CPU.ActiveCfg = Release|Any CPU
		{D17CE63A-E7A4-430F-B91E-87747FFB7DFF}.Release|Any CPU.Build.0 = Release|Any CPU
		{82C5CF1D-27B0-4A91-866A-E44E0CB39985}.Debug|Any CPU.ActiveCfg = Debug|Any CPU
		{82C5CF1D-27B0-4A91-866A-E44E0CB39985}.Debug|Any CPU.Build.0 = Debug|Any CPU
		{82C5CF1D-27B0-4A91-866A-E44E0CB39985}.Release|Any CPU.ActiveCfg = Release|Any CPU
		{82C5CF1D-27B0-4A91-866A-E44E0CB39985}.Release|Any CPU.Build.0 = Release|Any CPU
		{FD08E425-01FC-4CC4-8BEE-F75A23E5DBFF}.Debug|Any CPU.ActiveCfg = Debug|Any CPU
		{FD08E425-01FC-4CC4-8BEE-F75A23E5DBFF}.Debug|Any CPU.Build.0 = Debug|Any CPU
		{FD08E425-01FC-4CC4-8BEE-F75A23E5DBFF}.Release|Any CPU.ActiveCfg = Release|Any CPU
		{FD08E425-01FC-4CC4-8BEE-F75A23E5DBFF}.Release|Any CPU.Build.0 = Release|Any CPU
		{EEF2E189-5D58-4F6C-B29A-AFB8824A6099}.Debug|Any CPU.ActiveCfg = Debug|Any CPU
		{EEF2E189-5D58-4F6C-B29A-AFB8824A6099}.Debug|Any CPU.Build.0 = Debug|Any CPU
		{EEF2E189-5D58-4F6C-B29A-AFB8824A6099}.Release|Any CPU.ActiveCfg = Release|Any CPU
		{EEF2E189-5D58-4F6C-B29A-AFB8824A6099}.Release|Any CPU.Build.0 = Release|Any CPU
		{74482165-D7B9-48E0-BCA8-43FAE736B7BA}.Debug|Any CPU.ActiveCfg = Debug|Any CPU
		{74482165-D7B9-48E0-BCA8-43FAE736B7BA}.Debug|Any CPU.Build.0 = Debug|Any CPU
		{74482165-D7B9-48E0-BCA8-43FAE736B7BA}.Release|Any CPU.ActiveCfg = Release|Any CPU
		{74482165-D7B9-48E0-BCA8-43FAE736B7BA}.Release|Any CPU.Build.0 = Release|Any CPU
		{662F0515-91AD-485A-854D-EC4994C2C6CD}.Debug|Any CPU.ActiveCfg = Debug|Any CPU
		{662F0515-91AD-485A-854D-EC4994C2C6CD}.Debug|Any CPU.Build.0 = Debug|Any CPU
		{662F0515-91AD-485A-854D-EC4994C2C6CD}.Release|Any CPU.ActiveCfg = Release|Any CPU
		{662F0515-91AD-485A-854D-EC4994C2C6CD}.Release|Any CPU.Build.0 = Release|Any CPU
		{C8B759AB-99FD-4CA2-889C-15113B88E02E}.Debug|Any CPU.ActiveCfg = Debug|Any CPU
		{C8B759AB-99FD-4CA2-889C-15113B88E02E}.Debug|Any CPU.Build.0 = Debug|Any CPU
		{C8B759AB-99FD-4CA2-889C-15113B88E02E}.Release|Any CPU.ActiveCfg = Release|Any CPU
		{C8B759AB-99FD-4CA2-889C-15113B88E02E}.Release|Any CPU.Build.0 = Release|Any CPU
		{CBCAF986-A006-43E7-85A9-21A2E4C265BD}.Debug|Any CPU.ActiveCfg = Debug|Any CPU
		{CBCAF986-A006-43E7-85A9-21A2E4C265BD}.Debug|Any CPU.Build.0 = Debug|Any CPU
		{CBCAF986-A006-43E7-85A9-21A2E4C265BD}.Release|Any CPU.ActiveCfg = Release|Any CPU
		{CBCAF986-A006-43E7-85A9-21A2E4C265BD}.Release|Any CPU.Build.0 = Release|Any CPU
		{703AF8A0-2054-4F4D-B6BE-60F77486E807}.Debug|Any CPU.ActiveCfg = Debug|Any CPU
		{703AF8A0-2054-4F4D-B6BE-60F77486E807}.Debug|Any CPU.Build.0 = Debug|Any CPU
		{703AF8A0-2054-4F4D-B6BE-60F77486E807}.Release|Any CPU.ActiveCfg = Release|Any CPU
		{703AF8A0-2054-4F4D-B6BE-60F77486E807}.Release|Any CPU.Build.0 = Release|Any CPU
		{13E181DF-1ED9-4CC4-B186-2366A8F8C01A}.Debug|Any CPU.ActiveCfg = Debug|Any CPU
		{13E181DF-1ED9-4CC4-B186-2366A8F8C01A}.Debug|Any CPU.Build.0 = Debug|Any CPU
		{13E181DF-1ED9-4CC4-B186-2366A8F8C01A}.Release|Any CPU.ActiveCfg = Release|Any CPU
		{13E181DF-1ED9-4CC4-B186-2366A8F8C01A}.Release|Any CPU.Build.0 = Release|Any CPU
	EndGlobalSection
	GlobalSection(SolutionProperties) = preSolution
		HideSolutionNode = FALSE
	EndGlobalSection
	GlobalSection(NestedProjects) = preSolution
		{D17CE63A-E7A4-430F-B91E-87747FFB7DFF} = {F421B073-88EC-4815-ADD5-A738BDDE5BBF}
		{82C5CF1D-27B0-4A91-866A-E44E0CB39985} = {F421B073-88EC-4815-ADD5-A738BDDE5BBF}
		{EEF2E189-5D58-4F6C-B29A-AFB8824A6099} = {FB8652C0-8CD8-46AB-A6FF-CDF35D8EFD0F}
		{74482165-D7B9-48E0-BCA8-43FAE736B7BA} = {FB8652C0-8CD8-46AB-A6FF-CDF35D8EFD0F}
		{662F0515-91AD-485A-854D-EC4994C2C6CD} = {0A24E8B6-226A-478B-9998-478B10EDE6FA}
		{C8B759AB-99FD-4CA2-889C-15113B88E02E} = {09304F35-7EC3-4058-8FE9-507CD1E66BB1}
		{CBCAF986-A006-43E7-85A9-21A2E4C265BD} = {F84670AA-D4E8-424B-B399-E8A89EF62576}
	EndGlobalSection
	GlobalSection(ExtensibilityGlobals) = postSolution
		SolutionGuid = {2C3D233C-EEC2-41FD-8B61-7B101224194F}
	EndGlobalSection
EndGlobal
